
Microsoft Visual Studio Solution File, Format Version 12.00
# Visual Studio Version 17
VisualStudioVersion = 17.3.32819.101
MinimumVisualStudioVersion = 10.0.40219.1
Project("{FAE04EC0-301F-11D3-BF4B-00C04F79EFBC}") = "Task Two", "Task Two\Task Two.csproj", "{167D064D-3293-471B-B267-9FDC7D1A0F62}"
EndProject
Global
	GlobalSection(SolutionConfigurationPlatforms) = preSolution
		Debug|Any CPU = Debug|Any CPU
		Release|Any CPU = Release|Any CPU
	EndGlobalSection
	GlobalSection(ProjectConfigurationPlatforms) = postSolution
		{167D064D-3293-471B-B267-9FDC7D1A0F62}.Debug|Any CPU.ActiveCfg = Debug|Any CPU
		{167D064D-3293-471B-B267-9FDC7D1A0F62}.Debug|Any CPU.Build.0 = Debug|Any CPU
		{167D064D-3293-471B-B267-9FDC7D1A0F62}.Release|Any CPU.ActiveCfg = Release|Any CPU
		{167D064D-3293-471B-B267-9FDC7D1A0F62}.Release|Any CPU.Build.0 = Release|Any CPU
	EndGlobalSection
	GlobalSection(SolutionProperties) = preSolution
		HideSolutionNode = FALSE
	EndGlobalSection
	GlobalSection(ExtensibilityGlobals) = postSolution
		SolutionGuid = {AD4A03DE-F1D1-47D1-97B5-039E3AA5268E}
	EndGlobalSection
EndGlobal
