
Microsoft Visual Studio Solution File, Format Version 12.00
# Visual Studio Version 17
VisualStudioVersion = 17.3.32819.101
MinimumVisualStudioVersion = 10.0.40219.1
Project("{9A19103F-16F7-4668-BE54-9A1E7A4F7556}") = "Task One", "MYPROJECT_\Task One.csproj", "{03296A93-1DC1-4094-9D8F-43E6139D0D38}"
EndProject
Global
	GlobalSection(SolutionConfigurationPlatforms) = preSolution
		Debug|Any CPU = Debug|Any CPU
		Release|Any CPU = Release|Any CPU
	EndGlobalSection
	GlobalSection(ProjectConfigurationPlatforms) = postSolution
		{03296A93-1DC1-4094-9D8F-43E6139D0D38}.Debug|Any CPU.ActiveCfg = Debug|Any CPU
		{03296A93-1DC1-4094-9D8F-43E6139D0D38}.Debug|Any CPU.Build.0 = Debug|Any CPU
		{03296A93-1DC1-4094-9D8F-43E6139D0D38}.Release|Any CPU.ActiveCfg = Release|Any CPU
		{03296A93-1DC1-4094-9D8F-43E6139D0D38}.Release|Any CPU.Build.0 = Release|Any CPU
	EndGlobalSection
	GlobalSection(SolutionProperties) = preSolution
		HideSolutionNode = FALSE
	EndGlobalSection
	GlobalSection(ExtensibilityGlobals) = postSolution
		SolutionGuid = {32CFFB5A-6C56-4264-A182-552CB0A36358}
	EndGlobalSection
EndGlobal
